// !$*UTF8*$!
{
	archiveVersion = 1;
	classes = {
	};
	objectVersion = 56;
	objects = {

/* Begin PBXBuildFile section */
		C440924C2B473DBF001B7AC8 /* AudioPlayer.swift in Sources */ = {isa = PBXBuildFile; fileRef = C440924B2B473DBF001B7AC8 /* AudioPlayer.swift */; };
		C4C8D5752B4FF1550011F1A1 /* ArtistView.swift in Sources */ = {isa = PBXBuildFile; fileRef = C4C8D5742B4FF1550011F1A1 /* ArtistView.swift */; };
		C4C8D5772B4FF3DD0011F1A1 /* TrackModel.swift in Sources */ = {isa = PBXBuildFile; fileRef = C4C8D5762B4FF3DD0011F1A1 /* TrackModel.swift */; };
		C4C8D5792B4FF7170011F1A1 /* ArtistViewModel.swift in Sources */ = {isa = PBXBuildFile; fileRef = C4C8D5782B4FF7170011F1A1 /* ArtistViewModel.swift */; };
		C4E604192B41F3D200E32978 /* ArtistModel.swift in Sources */ = {isa = PBXBuildFile; fileRef = C4E604182B41F3D200E32978 /* ArtistModel.swift */; };
		C4E6041D2B447E8600E32978 /* AlbumModel.swift in Sources */ = {isa = PBXBuildFile; fileRef = C4E6041C2B447E8600E32978 /* AlbumModel.swift */; };
		C4E6041F2B447EDE00E32978 /* ContributorModel.swift in Sources */ = {isa = PBXBuildFile; fileRef = C4E6041E2B447EDE00E32978 /* ContributorModel.swift */; };
		C4E604212B44836500E32978 /* GenreModel.swift in Sources */ = {isa = PBXBuildFile; fileRef = C4E604202B44836500E32978 /* GenreModel.swift */; };
		C4E604232B44856500E32978 /* ImageView.swift in Sources */ = {isa = PBXBuildFile; fileRef = C4E604222B44856500E32978 /* ImageView.swift */; };
		C4E604262B4491C300E32978 /* ImageModifiers.swift in Sources */ = {isa = PBXBuildFile; fileRef = C4E604252B4491C300E32978 /* ImageModifiers.swift */; };
		C4E604292B44965300E32978 /* ServiceManager.swift in Sources */ = {isa = PBXBuildFile; fileRef = C4E604282B44965300E32978 /* ServiceManager.swift */; };
		C4E6042C2B44ADDD00E32978 /* SongViewModel.swift in Sources */ = {isa = PBXBuildFile; fileRef = C4E6042B2B44ADDD00E32978 /* SongViewModel.swift */; };
		C4E6042E2B44CE1D00E32978 /* HomeView.swift in Sources */ = {isa = PBXBuildFile; fileRef = C4E6042D2B44CE1D00E32978 /* HomeView.swift */; };
		C4E74A0E2B3FA8A5001AC9A3 /* MusilApp.swift in Sources */ = {isa = PBXBuildFile; fileRef = C4E74A0D2B3FA8A5001AC9A3 /* MusilApp.swift */; };
		C4E74A102B3FA8A5001AC9A3 /* MainApp.swift in Sources */ = {isa = PBXBuildFile; fileRef = C4E74A0F2B3FA8A5001AC9A3 /* MainApp.swift */; };
		C4E74A122B3FA8A7001AC9A3 /* Assets.xcassets in Resources */ = {isa = PBXBuildFile; fileRef = C4E74A112B3FA8A7001AC9A3 /* Assets.xcassets */; };
		C4E74A152B3FA8A7001AC9A3 /* Preview Assets.xcassets in Resources */ = {isa = PBXBuildFile; fileRef = C4E74A142B3FA8A7001AC9A3 /* Preview Assets.xcassets */; };
		C4E74A1E2B3FAA8B001AC9A3 /* Color.extension.swift in Sources */ = {isa = PBXBuildFile; fileRef = C4E74A1D2B3FAA8B001AC9A3 /* Color.extension.swift */; };
		C4E74A212B3FACA7001AC9A3 /* LongButton.swift in Sources */ = {isa = PBXBuildFile; fileRef = C4E74A202B3FACA7001AC9A3 /* LongButton.swift */; };
		C4E74A232B3FB2DD001AC9A3 /* ControlButton.swift in Sources */ = {isa = PBXBuildFile; fileRef = C4E74A222B3FB2DD001AC9A3 /* ControlButton.swift */; };
		C4E74A262B3FBB98001AC9A3 /* SongModel.swift in Sources */ = {isa = PBXBuildFile; fileRef = C4E74A252B3FBB98001AC9A3 /* SongModel.swift */; };
		C4E74A282B3FBC39001AC9A3 /* SongRow.swift in Sources */ = {isa = PBXBuildFile; fileRef = C4E74A272B3FBC39001AC9A3 /* SongRow.swift */; };
		C4E74A2B2B40ABFA001AC9A3 /* PlayerView.swift in Sources */ = {isa = PBXBuildFile; fileRef = C4E74A2A2B40ABFA001AC9A3 /* PlayerView.swift */; };
		C4E74A2D2B40D7B1001AC9A3 /* LoginView.swift in Sources */ = {isa = PBXBuildFile; fileRef = C4E74A2C2B40D7B1001AC9A3 /* LoginView.swift */; };
		C4E74A2F2B40E020001AC9A3 /* BottomTabView.swift in Sources */ = {isa = PBXBuildFile; fileRef = C4E74A2E2B40E020001AC9A3 /* BottomTabView.swift */; };
		C4E74A322B40E328001AC9A3 /* TabCases.swift in Sources */ = {isa = PBXBuildFile; fileRef = C4E74A312B40E328001AC9A3 /* TabCases.swift */; };
		C4E74A352B40EB36001AC9A3 /* TabItem.swift in Sources */ = {isa = PBXBuildFile; fileRef = C4E74A342B40EB36001AC9A3 /* TabItem.swift */; };
		C4E74A372B40F413001AC9A3 /* CustomView.swift in Sources */ = {isa = PBXBuildFile; fileRef = C4E74A362B40F413001AC9A3 /* CustomView.swift */; };
		C4E74A3A2B410A85001AC9A3 /* SessionManager.swift in Sources */ = {isa = PBXBuildFile; fileRef = C4E74A392B410A85001AC9A3 /* SessionManager.swift */; };
		C4E74A3C2B410E75001AC9A3 /* SplashScreen.swift in Sources */ = {isa = PBXBuildFile; fileRef = C4E74A3B2B410E75001AC9A3 /* SplashScreen.swift */; };
/* End PBXBuildFile section */

/* Begin PBXFileReference section */
		C440924B2B473DBF001B7AC8 /* AudioPlayer.swift */ = {isa = PBXFileReference; lastKnownFileType = sourcecode.swift; path = AudioPlayer.swift; sourceTree = "<group>"; };
		C4C8D5742B4FF1550011F1A1 /* ArtistView.swift */ = {isa = PBXFileReference; lastKnownFileType = sourcecode.swift; path = ArtistView.swift; sourceTree = "<group>"; };
		C4C8D5762B4FF3DD0011F1A1 /* TrackModel.swift */ = {isa = PBXFileReference; lastKnownFileType = sourcecode.swift; path = TrackModel.swift; sourceTree = "<group>"; };
		C4C8D5782B4FF7170011F1A1 /* ArtistViewModel.swift */ = {isa = PBXFileReference; lastKnownFileType = sourcecode.swift; path = ArtistViewModel.swift; sourceTree = "<group>"; };
		C4E604182B41F3D200E32978 /* ArtistModel.swift */ = {isa = PBXFileReference; lastKnownFileType = sourcecode.swift; path = ArtistModel.swift; sourceTree = "<group>"; };
		C4E6041C2B447E8600E32978 /* AlbumModel.swift */ = {isa = PBXFileReference; lastKnownFileType = sourcecode.swift; path = AlbumModel.swift; sourceTree = "<group>"; };
		C4E6041E2B447EDE00E32978 /* ContributorModel.swift */ = {isa = PBXFileReference; lastKnownFileType = sourcecode.swift; path = ContributorModel.swift; sourceTree = "<group>"; };
		C4E604202B44836500E32978 /* GenreModel.swift */ = {isa = PBXFileReference; lastKnownFileType = sourcecode.swift; path = GenreModel.swift; sourceTree = "<group>"; };
		C4E604222B44856500E32978 /* ImageView.swift */ = {isa = PBXFileReference; lastKnownFileType = sourcecode.swift; path = ImageView.swift; sourceTree = "<group>"; };
		C4E604252B4491C300E32978 /* ImageModifiers.swift */ = {isa = PBXFileReference; lastKnownFileType = sourcecode.swift; path = ImageModifiers.swift; sourceTree = "<group>"; };
		C4E604282B44965300E32978 /* ServiceManager.swift */ = {isa = PBXFileReference; lastKnownFileType = sourcecode.swift; path = ServiceManager.swift; sourceTree = "<group>"; };
		C4E6042B2B44ADDD00E32978 /* SongViewModel.swift */ = {isa = PBXFileReference; lastKnownFileType = sourcecode.swift; path = SongViewModel.swift; sourceTree = "<group>"; };
		C4E6042D2B44CE1D00E32978 /* HomeView.swift */ = {isa = PBXFileReference; lastKnownFileType = sourcecode.swift; path = HomeView.swift; sourceTree = "<group>"; };
		C4E74A0A2B3FA8A5001AC9A3 /* Musil.app */ = {isa = PBXFileReference; explicitFileType = wrapper.application; includeInIndex = 0; path = Musil.app; sourceTree = BUILT_PRODUCTS_DIR; };
		C4E74A0D2B3FA8A5001AC9A3 /* MusilApp.swift */ = {isa = PBXFileReference; lastKnownFileType = sourcecode.swift; path = MusilApp.swift; sourceTree = "<group>"; };
		C4E74A0F2B3FA8A5001AC9A3 /* MainApp.swift */ = {isa = PBXFileReference; lastKnownFileType = sourcecode.swift; path = MainApp.swift; sourceTree = "<group>"; };
		C4E74A112B3FA8A7001AC9A3 /* Assets.xcassets */ = {isa = PBXFileReference; lastKnownFileType = folder.assetcatalog; path = Assets.xcassets; sourceTree = "<group>"; };
		C4E74A142B3FA8A7001AC9A3 /* Preview Assets.xcassets */ = {isa = PBXFileReference; lastKnownFileType = folder.assetcatalog; path = "Preview Assets.xcassets"; sourceTree = "<group>"; };
		C4E74A1D2B3FAA8B001AC9A3 /* Color.extension.swift */ = {isa = PBXFileReference; lastKnownFileType = sourcecode.swift; path = Color.extension.swift; sourceTree = "<group>"; };
		C4E74A202B3FACA7001AC9A3 /* LongButton.swift */ = {isa = PBXFileReference; lastKnownFileType = sourcecode.swift; path = LongButton.swift; sourceTree = "<group>"; };
		C4E74A222B3FB2DD001AC9A3 /* ControlButton.swift */ = {isa = PBXFileReference; lastKnownFileType = sourcecode.swift; path = ControlButton.swift; sourceTree = "<group>"; };
		C4E74A252B3FBB98001AC9A3 /* SongModel.swift */ = {isa = PBXFileReference; lastKnownFileType = sourcecode.swift; path = SongModel.swift; sourceTree = "<group>"; };
		C4E74A272B3FBC39001AC9A3 /* SongRow.swift */ = {isa = PBXFileReference; lastKnownFileType = sourcecode.swift; path = SongRow.swift; sourceTree = "<group>"; };
		C4E74A2A2B40ABFA001AC9A3 /* PlayerView.swift */ = {isa = PBXFileReference; lastKnownFileType = sourcecode.swift; path = PlayerView.swift; sourceTree = "<group>"; };
		C4E74A2C2B40D7B1001AC9A3 /* LoginView.swift */ = {isa = PBXFileReference; lastKnownFileType = sourcecode.swift; path = LoginView.swift; sourceTree = "<group>"; };
		C4E74A2E2B40E020001AC9A3 /* BottomTabView.swift */ = {isa = PBXFileReference; lastKnownFileType = sourcecode.swift; path = BottomTabView.swift; sourceTree = "<group>"; };
		C4E74A312B40E328001AC9A3 /* TabCases.swift */ = {isa = PBXFileReference; lastKnownFileType = sourcecode.swift; path = TabCases.swift; sourceTree = "<group>"; };
		C4E74A342B40EB36001AC9A3 /* TabItem.swift */ = {isa = PBXFileReference; lastKnownFileType = sourcecode.swift; path = TabItem.swift; sourceTree = "<group>"; };
		C4E74A362B40F413001AC9A3 /* CustomView.swift */ = {isa = PBXFileReference; lastKnownFileType = sourcecode.swift; path = CustomView.swift; sourceTree = "<group>"; };
		C4E74A392B410A85001AC9A3 /* SessionManager.swift */ = {isa = PBXFileReference; lastKnownFileType = sourcecode.swift; path = SessionManager.swift; sourceTree = "<group>"; };
		C4E74A3B2B410E75001AC9A3 /* SplashScreen.swift */ = {isa = PBXFileReference; lastKnownFileType = sourcecode.swift; path = SplashScreen.swift; sourceTree = "<group>"; };
/* End PBXFileReference section */

/* Begin PBXFrameworksBuildPhase section */
		C4E74A072B3FA8A5001AC9A3 /* Frameworks */ = {
			isa = PBXFrameworksBuildPhase;
			buildActionMask = 2147483647;
			files = (
			);
			runOnlyForDeploymentPostprocessing = 0;
		};
/* End PBXFrameworksBuildPhase section */

/* Begin PBXGroup section */
		C4E604242B4491A600E32978 /* modifiers */ = {
			isa = PBXGroup;
			children = (
				C4E604252B4491C300E32978 /* ImageModifiers.swift */,
			);
			path = modifiers;
			sourceTree = "<group>";
		};
		C4E604272B44960600E32978 /* services */ = {
			isa = PBXGroup;
			children = (
				C4E604282B44965300E32978 /* ServiceManager.swift */,
			);
			path = services;
			sourceTree = "<group>";
		};
		C4E6042A2B44ADA300E32978 /* ViewModels */ = {
			isa = PBXGroup;
			children = (
				C4E6042B2B44ADDD00E32978 /* SongViewModel.swift */,
				C4C8D5782B4FF7170011F1A1 /* ArtistViewModel.swift */,
			);
			path = ViewModels;
			sourceTree = "<group>";
		};
		C4E74A012B3FA8A5001AC9A3 = {
			isa = PBXGroup;
			children = (
				C4E74A0C2B3FA8A5001AC9A3 /* Musil */,
				C4E74A0B2B3FA8A5001AC9A3 /* Products */,
			);
			sourceTree = "<group>";
		};
		C4E74A0B2B3FA8A5001AC9A3 /* Products */ = {
			isa = PBXGroup;
			children = (
				C4E74A0A2B3FA8A5001AC9A3 /* Musil.app */,
			);
			name = Products;
			sourceTree = "<group>";
		};
		C4E74A0C2B3FA8A5001AC9A3 /* Musil */ = {
			isa = PBXGroup;
			children = (
				C4E6042A2B44ADA300E32978 /* ViewModels */,
				C4E604272B44960600E32978 /* services */,
				C4E604242B4491A600E32978 /* modifiers */,
				C4E74A382B410A62001AC9A3 /* session manager */,
				C4E74A302B40E2E4001AC9A3 /* helpers */,
				C4E74A242B3FBB84001AC9A3 /* model */,
				C4E74A1C2B3FAA5C001AC9A3 /* extensions */,
				C4E74A1B2B3FA8D1001AC9A3 /* views */,
				C4E74A0D2B3FA8A5001AC9A3 /* MusilApp.swift */,
				C4E74A0F2B3FA8A5001AC9A3 /* MainApp.swift */,
				C4E74A112B3FA8A7001AC9A3 /* Assets.xcassets */,
				C4E74A132B3FA8A7001AC9A3 /* Preview Content */,
			);
			path = Musil;
			sourceTree = "<group>";
		};
		C4E74A132B3FA8A7001AC9A3 /* Preview Content */ = {
			isa = PBXGroup;
			children = (
				C4E74A142B3FA8A7001AC9A3 /* Preview Assets.xcassets */,
			);
			path = "Preview Content";
			sourceTree = "<group>";
		};
		C4E74A1B2B3FA8D1001AC9A3 /* views */ = {
			isa = PBXGroup;
			children = (
				C4E74A332B40EB19001AC9A3 /* custom tab bar */,
				C4E74A292B40ABD5001AC9A3 /* screens */,
				C4E74A1F2B3FAC7D001AC9A3 /* common */,
			);
			path = views;
			sourceTree = "<group>";
		};
		C4E74A1C2B3FAA5C001AC9A3 /* extensions */ = {
			isa = PBXGroup;
			children = (
				C4E74A1D2B3FAA8B001AC9A3 /* Color.extension.swift */,
			);
			path = extensions;
			sourceTree = "<group>";
		};
		C4E74A1F2B3FAC7D001AC9A3 /* common */ = {
			isa = PBXGroup;
			children = (
				C4E74A202B3FACA7001AC9A3 /* LongButton.swift */,
				C4E74A222B3FB2DD001AC9A3 /* ControlButton.swift */,
				C4E74A272B3FBC39001AC9A3 /* SongRow.swift */,
				C4E604222B44856500E32978 /* ImageView.swift */,
			);
			path = common;
			sourceTree = "<group>";
		};
		C4E74A242B3FBB84001AC9A3 /* model */ = {
			isa = PBXGroup;
			children = (
				C4E74A252B3FBB98001AC9A3 /* SongModel.swift */,
				C4E604182B41F3D200E32978 /* ArtistModel.swift */,
				C4E6041C2B447E8600E32978 /* AlbumModel.swift */,
				C4E6041E2B447EDE00E32978 /* ContributorModel.swift */,
				C4E604202B44836500E32978 /* GenreModel.swift */,
				C4C8D5762B4FF3DD0011F1A1 /* TrackModel.swift */,
			);
			path = model;
			sourceTree = "<group>";
		};
		C4E74A292B40ABD5001AC9A3 /* screens */ = {
			isa = PBXGroup;
			children = (
				C4E74A2A2B40ABFA001AC9A3 /* PlayerView.swift */,
				C4E74A2C2B40D7B1001AC9A3 /* LoginView.swift */,
				C4E74A2E2B40E020001AC9A3 /* BottomTabView.swift */,
				C4E74A3B2B410E75001AC9A3 /* SplashScreen.swift */,
				C4E6042D2B44CE1D00E32978 /* HomeView.swift */,
				C4C8D5742B4FF1550011F1A1 /* ArtistView.swift */,
			);
			path = screens;
			sourceTree = "<group>";
		};
		C4E74A302B40E2E4001AC9A3 /* helpers */ = {
			isa = PBXGroup;
			children = (
				C4E74A312B40E328001AC9A3 /* TabCases.swift */,
				C440924B2B473DBF001B7AC8 /* AudioPlayer.swift */,
			);
			path = helpers;
			sourceTree = "<group>";
		};
		C4E74A332B40EB19001AC9A3 /* custom tab bar */ = {
			isa = PBXGroup;
			children = (
				C4E74A342B40EB36001AC9A3 /* TabItem.swift */,
				C4E74A362B40F413001AC9A3 /* CustomView.swift */,
			);
			path = "custom tab bar";
			sourceTree = "<group>";
		};
		C4E74A382B410A62001AC9A3 /* session manager */ = {
			isa = PBXGroup;
			children = (
				C4E74A392B410A85001AC9A3 /* SessionManager.swift */,
			);
			path = "session manager";
			sourceTree = "<group>";
		};
/* End PBXGroup section */

/* Begin PBXNativeTarget section */
		C4E74A092B3FA8A5001AC9A3 /* Musil */ = {
			isa = PBXNativeTarget;
			buildConfigurationList = C4E74A182B3FA8A7001AC9A3 /* Build configuration list for PBXNativeTarget "Musil" */;
			buildPhases = (
				C4E74A062B3FA8A5001AC9A3 /* Sources */,
				C4E74A072B3FA8A5001AC9A3 /* Frameworks */,
				C4E74A082B3FA8A5001AC9A3 /* Resources */,
			);
			buildRules = (
			);
			dependencies = (
			);
			name = Musil;
			productName = Musil;
			productReference = C4E74A0A2B3FA8A5001AC9A3 /* Musil.app */;
			productType = "com.apple.product-type.application";
		};
/* End PBXNativeTarget section */

/* Begin PBXProject section */
		C4E74A022B3FA8A5001AC9A3 /* Project object */ = {
			isa = PBXProject;
			attributes = {
				BuildIndependentTargetsInParallel = 1;
				LastSwiftUpdateCheck = 1430;
				LastUpgradeCheck = 1430;
				TargetAttributes = {
					C4E74A092B3FA8A5001AC9A3 = {
						CreatedOnToolsVersion = 14.3.1;
					};
				};
			};
			buildConfigurationList = C4E74A052B3FA8A5001AC9A3 /* Build configuration list for PBXProject "Musil" */;
			compatibilityVersion = "Xcode 14.0";
			developmentRegion = en;
			hasScannedForEncodings = 0;
			knownRegions = (
				en,
				Base,
			);
			mainGroup = C4E74A012B3FA8A5001AC9A3;
			productRefGroup = C4E74A0B2B3FA8A5001AC9A3 /* Products */;
			projectDirPath = "";
			projectRoot = "";
			targets = (
				C4E74A092B3FA8A5001AC9A3 /* Musil */,
			);
		};
/* End PBXProject section */

/* Begin PBXResourcesBuildPhase section */
		C4E74A082B3FA8A5001AC9A3 /* Resources */ = {
			isa = PBXResourcesBuildPhase;
			buildActionMask = 2147483647;
			files = (
				C4E74A152B3FA8A7001AC9A3 /* Preview Assets.xcassets in Resources */,
				C4E74A122B3FA8A7001AC9A3 /* Assets.xcassets in Resources */,
			);
			runOnlyForDeploymentPostprocessing = 0;
		};
/* End PBXResourcesBuildPhase section */

/* Begin PBXSourcesBuildPhase section */
		C4E74A062B3FA8A5001AC9A3 /* Sources */ = {
			isa = PBXSourcesBuildPhase;
			buildActionMask = 2147483647;
			files = (
				C4E604232B44856500E32978 /* ImageView.swift in Sources */,
				C4E74A3C2B410E75001AC9A3 /* SplashScreen.swift in Sources */,
				C4E74A262B3FBB98001AC9A3 /* SongModel.swift in Sources */,
				C4E604212B44836500E32978 /* GenreModel.swift in Sources */,
				C4E6042C2B44ADDD00E32978 /* SongViewModel.swift in Sources */,
				C4E74A282B3FBC39001AC9A3 /* SongRow.swift in Sources */,
				C4E74A352B40EB36001AC9A3 /* TabItem.swift in Sources */,
				C4E604192B41F3D200E32978 /* ArtistModel.swift in Sources */,
				C4E74A2F2B40E020001AC9A3 /* BottomTabView.swift in Sources */,
				C4E74A1E2B3FAA8B001AC9A3 /* Color.extension.swift in Sources */,
				C4E74A2D2B40D7B1001AC9A3 /* LoginView.swift in Sources */,
				C4C8D5792B4FF7170011F1A1 /* ArtistViewModel.swift in Sources */,
				C4E74A3A2B410A85001AC9A3 /* SessionManager.swift in Sources */,
				C440924C2B473DBF001B7AC8 /* AudioPlayer.swift in Sources */,
				C4C8D5772B4FF3DD0011F1A1 /* TrackModel.swift in Sources */,
				C4E604292B44965300E32978 /* ServiceManager.swift in Sources */,
				C4E6041F2B447EDE00E32978 /* ContributorModel.swift in Sources */,
				C4E74A372B40F413001AC9A3 /* CustomView.swift in Sources */,
				C4E74A2B2B40ABFA001AC9A3 /* PlayerView.swift in Sources */,
				C4E74A322B40E328001AC9A3 /* TabCases.swift in Sources */,
				C4E6041D2B447E8600E32978 /* AlbumModel.swift in Sources */,
				C4E74A102B3FA8A5001AC9A3 /* MainApp.swift in Sources */,
				C4E74A232B3FB2DD001AC9A3 /* ControlButton.swift in Sources */,
				C4C8D5752B4FF1550011F1A1 /* ArtistView.swift in Sources */,
				C4E74A0E2B3FA8A5001AC9A3 /* MusilApp.swift in Sources */,
				C4E6042E2B44CE1D00E32978 /* HomeView.swift in Sources */,
				C4E604262B4491C300E32978 /* ImageModifiers.swift in Sources */,
				C4E74A212B3FACA7001AC9A3 /* LongButton.swift in Sources */,
			);
			runOnlyForDeploymentPostprocessing = 0;
		};
/* End PBXSourcesBuildPhase section */

/* Begin XCBuildConfiguration section */
		C4E74A162B3FA8A7001AC9A3 /* Debug */ = {
			isa = XCBuildConfiguration;
			buildSettings = {
				ALWAYS_SEARCH_USER_PATHS = NO;
				CLANG_ANALYZER_NONNULL = YES;
				CLANG_ANALYZER_NUMBER_OBJECT_CONVERSION = YES_AGGRESSIVE;
				CLANG_CXX_LANGUAGE_STANDARD = "gnu++20";
				CLANG_ENABLE_MODULES = YES;
				CLANG_ENABLE_OBJC_ARC = YES;
				CLANG_ENABLE_OBJC_WEAK = YES;
				CLANG_WARN_BLOCK_CAPTURE_AUTORELEASING = YES;
				CLANG_WARN_BOOL_CONVERSION = YES;
				CLANG_WARN_COMMA = YES;
				CLANG_WARN_CONSTANT_CONVERSION = YES;
				CLANG_WARN_DEPRECATED_OBJC_IMPLEMENTATIONS = YES;
				CLANG_WARN_DIRECT_OBJC_ISA_USAGE = YES_ERROR;
				CLANG_WARN_DOCUMENTATION_COMMENTS = YES;
				CLANG_WARN_EMPTY_BODY = YES;
				CLANG_WARN_ENUM_CONVERSION = YES;
				CLANG_WARN_INFINITE_RECURSION = YES;
				CLANG_WARN_INT_CONVERSION = YES;
				CLANG_WARN_NON_LITERAL_NULL_CONVERSION = YES;
				CLANG_WARN_OBJC_IMPLICIT_RETAIN_SELF = YES;
				CLANG_WARN_OBJC_LITERAL_CONVERSION = YES;
				CLANG_WARN_OBJC_ROOT_CLASS = YES_ERROR;
				CLANG_WARN_QUOTED_INCLUDE_IN_FRAMEWORK_HEADER = YES;
				CLANG_WARN_RANGE_LOOP_ANALYSIS = YES;
				CLANG_WARN_STRICT_PROTOTYPES = YES;
				CLANG_WARN_SUSPICIOUS_MOVE = YES;
				CLANG_WARN_UNGUARDED_AVAILABILITY = YES_AGGRESSIVE;
				CLANG_WARN_UNREACHABLE_CODE = YES;
				CLANG_WARN__DUPLICATE_METHOD_MATCH = YES;
				COPY_PHASE_STRIP = NO;
				DEBUG_INFORMATION_FORMAT = dwarf;
				ENABLE_STRICT_OBJC_MSGSEND = YES;
				ENABLE_TESTABILITY = YES;
				GCC_C_LANGUAGE_STANDARD = gnu11;
				GCC_DYNAMIC_NO_PIC = NO;
				GCC_NO_COMMON_BLOCKS = YES;
				GCC_OPTIMIZATION_LEVEL = 0;
				GCC_PREPROCESSOR_DEFINITIONS = (
					"DEBUG=1",
					"$(inherited)",
				);
				GCC_WARN_64_TO_32_BIT_CONVERSION = YES;
				GCC_WARN_ABOUT_RETURN_TYPE = YES_ERROR;
				GCC_WARN_UNDECLARED_SELECTOR = YES;
				GCC_WARN_UNINITIALIZED_AUTOS = YES_AGGRESSIVE;
				GCC_WARN_UNUSED_FUNCTION = YES;
				GCC_WARN_UNUSED_VARIABLE = YES;
				IPHONEOS_DEPLOYMENT_TARGET = 16.0;
				MTL_ENABLE_DEBUG_INFO = INCLUDE_SOURCE;
				MTL_FAST_MATH = YES;
				ONLY_ACTIVE_ARCH = YES;
				SDKROOT = iphoneos;
				SWIFT_ACTIVE_COMPILATION_CONDITIONS = DEBUG;
				SWIFT_OPTIMIZATION_LEVEL = "-Onone";
			};
			name = Debug;
		};
		C4E74A172B3FA8A7001AC9A3 /* Release */ = {
			isa = XCBuildConfiguration;
			buildSettings = {
				ALWAYS_SEARCH_USER_PATHS = NO;
				CLANG_ANALYZER_NONNULL = YES;
				CLANG_ANALYZER_NUMBER_OBJECT_CONVERSION = YES_AGGRESSIVE;
				CLANG_CXX_LANGUAGE_STANDARD = "gnu++20";
				CLANG_ENABLE_MODULES = YES;
				CLANG_ENABLE_OBJC_ARC = YES;
				CLANG_ENABLE_OBJC_WEAK = YES;
				CLANG_WARN_BLOCK_CAPTURE_AUTORELEASING = YES;
				CLANG_WARN_BOOL_CONVERSION = YES;
				CLANG_WARN_COMMA = YES;
				CLANG_WARN_CONSTANT_CONVERSION = YES;
				CLANG_WARN_DEPRECATED_OBJC_IMPLEMENTATIONS = YES;
				CLANG_WARN_DIRECT_OBJC_ISA_USAGE = YES_ERROR;
				CLANG_WARN_DOCUMENTATION_COMMENTS = YES;
				CLANG_WARN_EMPTY_BODY = YES;
				CLANG_WARN_ENUM_CONVERSION = YES;
				CLANG_WARN_INFINITE_RECURSION = YES;
				CLANG_WARN_INT_CONVERSION = YES;
				CLANG_WARN_NON_LITERAL_NULL_CONVERSION = YES;
				CLANG_WARN_OBJC_IMPLICIT_RETAIN_SELF = YES;
				CLANG_WARN_OBJC_LITERAL_CONVERSION = YES;
				CLANG_WARN_OBJC_ROOT_CLASS = YES_ERROR;
				CLANG_WARN_QUOTED_INCLUDE_IN_FRAMEWORK_HEADER = YES;
				CLANG_WARN_RANGE_LOOP_ANALYSIS = YES;
				CLANG_WARN_STRICT_PROTOTYPES = YES;
				CLANG_WARN_SUSPICIOUS_MOVE = YES;
				CLANG_WARN_UNGUARDED_AVAILABILITY = YES_AGGRESSIVE;
				CLANG_WARN_UNREACHABLE_CODE = YES;
				CLANG_WARN__DUPLICATE_METHOD_MATCH = YES;
				COPY_PHASE_STRIP = NO;
				DEBUG_INFORMATION_FORMAT = "dwarf-with-dsym";
				ENABLE_NS_ASSERTIONS = NO;
				ENABLE_STRICT_OBJC_MSGSEND = YES;
				GCC_C_LANGUAGE_STANDARD = gnu11;
				GCC_NO_COMMON_BLOCKS = YES;
				GCC_WARN_64_TO_32_BIT_CONVERSION = YES;
				GCC_WARN_ABOUT_RETURN_TYPE = YES_ERROR;
				GCC_WARN_UNDECLARED_SELECTOR = YES;
				GCC_WARN_UNINITIALIZED_AUTOS = YES_AGGRESSIVE;
				GCC_WARN_UNUSED_FUNCTION = YES;
				GCC_WARN_UNUSED_VARIABLE = YES;
				IPHONEOS_DEPLOYMENT_TARGET = 16.0;
				MTL_ENABLE_DEBUG_INFO = NO;
				MTL_FAST_MATH = YES;
				SDKROOT = iphoneos;
				SWIFT_COMPILATION_MODE = wholemodule;
				SWIFT_OPTIMIZATION_LEVEL = "-O";
				VALIDATE_PRODUCT = YES;
			};
			name = Release;
		};
		C4E74A192B3FA8A7001AC9A3 /* Debug */ = {
			isa = XCBuildConfiguration;
			buildSettings = {
				ASSETCATALOG_COMPILER_APPICON_NAME = AppIcon;
				ASSETCATALOG_COMPILER_GLOBAL_ACCENT_COLOR_NAME = AccentColor;
				CODE_SIGN_STYLE = Automatic;
				CURRENT_PROJECT_VERSION = 1;
				DEVELOPMENT_ASSET_PATHS = "\"Musil/Preview Content\"";
				DEVELOPMENT_TEAM = NUWJ7LWWA3;
				ENABLE_PREVIEWS = YES;
				GENERATE_INFOPLIST_FILE = YES;
				INFOPLIST_KEY_UIApplicationSceneManifest_Generation = YES;
				INFOPLIST_KEY_UIApplicationSupportsIndirectInputEvents = YES;
				INFOPLIST_KEY_UILaunchScreen_Generation = YES;
				INFOPLIST_KEY_UISupportedInterfaceOrientations_iPad = "UIInterfaceOrientationPortrait UIInterfaceOrientationPortraitUpsideDown UIInterfaceOrientationLandscapeLeft UIInterfaceOrientationLandscapeRight";
				INFOPLIST_KEY_UISupportedInterfaceOrientations_iPhone = "UIInterfaceOrientationPortrait UIInterfaceOrientationLandscapeLeft UIInterfaceOrientationLandscapeRight";
				IPHONEOS_DEPLOYMENT_TARGET = 16.0;
				LD_RUNPATH_SEARCH_PATHS = (
					"$(inherited)",
					"@executable_path/Frameworks",
				);
				MARKETING_VERSION = 1.0;
				PRODUCT_BUNDLE_IDENTIFIER = com.muse.Musil;
				PRODUCT_NAME = "$(TARGET_NAME)";
				SWIFT_EMIT_LOC_STRINGS = YES;
				SWIFT_VERSION = 5.0;
				TARGETED_DEVICE_FAMILY = "1,2";
			};
			name = Debug;
		};
		C4E74A1A2B3FA8A7001AC9A3 /* Release */ = {
			isa = XCBuildConfiguration;
			buildSettings = {
				ASSETCATALOG_COMPILER_APPICON_NAME = AppIcon;
				ASSETCATALOG_COMPILER_GLOBAL_ACCENT_COLOR_NAME = AccentColor;
				CODE_SIGN_STYLE = Automatic;
				CURRENT_PROJECT_VERSION = 1;
				DEVELOPMENT_ASSET_PATHS = "\"Musil/Preview Content\"";
				DEVELOPMENT_TEAM = NUWJ7LWWA3;
				ENABLE_PREVIEWS = YES;
				GENERATE_INFOPLIST_FILE = YES;
				INFOPLIST_KEY_UIApplicationSceneManifest_Generation = YES;
				INFOPLIST_KEY_UIApplicationSupportsIndirectInputEvents = YES;
				INFOPLIST_KEY_UILaunchScreen_Generation = YES;
				INFOPLIST_KEY_UISupportedInterfaceOrientations_iPad = "UIInterfaceOrientationPortrait UIInterfaceOrientationPortraitUpsideDown UIInterfaceOrientationLandscapeLeft UIInterfaceOrientationLandscapeRight";
				INFOPLIST_KEY_UISupportedInterfaceOrientations_iPhone = "UIInterfaceOrientationPortrait UIInterfaceOrientationLandscapeLeft UIInterfaceOrientationLandscapeRight";
				IPHONEOS_DEPLOYMENT_TARGET = 16.0;
				LD_RUNPATH_SEARCH_PATHS = (
					"$(inherited)",
					"@executable_path/Frameworks",
				);
				MARKETING_VERSION = 1.0;
				PRODUCT_BUNDLE_IDENTIFIER = com.muse.Musil;
				PRODUCT_NAME = "$(TARGET_NAME)";
				SWIFT_EMIT_LOC_STRINGS = YES;
				SWIFT_VERSION = 5.0;
				TARGETED_DEVICE_FAMILY = "1,2";
			};
			name = Release;
		};
/* End XCBuildConfiguration section */

/* Begin XCConfigurationList section */
		C4E74A052B3FA8A5001AC9A3 /* Build configuration list for PBXProject "Musil" */ = {
			isa = XCConfigurationList;
			buildConfigurations = (
				C4E74A162B3FA8A7001AC9A3 /* Debug */,
				C4E74A172B3FA8A7001AC9A3 /* Release */,
			);
			defaultConfigurationIsVisible = 0;
			defaultConfigurationName = Release;
		};
		C4E74A182B3FA8A7001AC9A3 /* Build configuration list for PBXNativeTarget "Musil" */ = {
			isa = XCConfigurationList;
			buildConfigurations = (
				C4E74A192B3FA8A7001AC9A3 /* Debug */,
				C4E74A1A2B3FA8A7001AC9A3 /* Release */,
			);
			defaultConfigurationIsVisible = 0;
			defaultConfigurationName = Release;
		};
/* End XCConfigurationList section */
	};
	rootObject = C4E74A022B3FA8A5001AC9A3 /* Project object */;
}
