// !$*UTF8*$!
{
	archiveVersion = 1;
	classes = {
	};
	objectVersion = 56;
	objects = {

/* Begin PBXBuildFile section */
		C4E74A0E2B3FA8A5001AC9A3 /* MusilApp.swift in Sources */ = {isa = PBXBuildFile; fileRef = C4E74A0D2B3FA8A5001AC9A3 /* MusilApp.swift */; };
		C4E74A102B3FA8A5001AC9A3 /* MainApp.swift in Sources */ = {isa = PBXBuildFile; fileRef = C4E74A0F2B3FA8A5001AC9A3 /* MainApp.swift */; };
		C4E74A122B3FA8A7001AC9A3 /* Assets.xcassets in Resources */ = {isa = PBXBuildFile; fileRef = C4E74A112B3FA8A7001AC9A3 /* Assets.xcassets */; };
		C4E74A152B3FA8A7001AC9A3 /* Preview Assets.xcassets in Resources */ = {isa = PBXBuildFile; fileRef = C4E74A142B3FA8A7001AC9A3 /* Preview Assets.xcassets */; };
		C4E74A1E2B3FAA8B001AC9A3 /* Color.extension.swift in Sources */ = {isa = PBXBuildFile; fileRef = C4E74A1D2B3FAA8B001AC9A3 /* Color.extension.swift */; };
		C4E74A212B3FACA7001AC9A3 /* LongButton.swift in Sources */ = {isa = PBXBuildFile; fileRef = C4E74A202B3FACA7001AC9A3 /* LongButton.swift */; };
		C4E74A232B3FB2DD001AC9A3 /* ControlButton.swift in Sources */ = {isa = PBXBuildFile; fileRef = C4E74A222B3FB2DD001AC9A3 /* ControlButton.swift */; };
/* End PBXBuildFile section */

/* Begin PBXFileReference section */
		C4E74A0A2B3FA8A5001AC9A3 /* Musil.app */ = {isa = PBXFileReference; explicitFileType = wrapper.application; includeInIndex = 0; path = Musil.app; sourceTree = BUILT_PRODUCTS_DIR; };
		C4E74A0D2B3FA8A5001AC9A3 /* MusilApp.swift */ = {isa = PBXFileReference; lastKnownFileType = sourcecode.swift; path = MusilApp.swift; sourceTree = "<group>"; };
		C4E74A0F2B3FA8A5001AC9A3 /* MainApp.swift */ = {isa = PBXFileReference; lastKnownFileType = sourcecode.swift; path = MainApp.swift; sourceTree = "<group>"; };
		C4E74A112B3FA8A7001AC9A3 /* Assets.xcassets */ = {isa = PBXFileReference; lastKnownFileType = folder.assetcatalog; path = Assets.xcassets; sourceTree = "<group>"; };
		C4E74A142B3FA8A7001AC9A3 /* Preview Assets.xcassets */ = {isa = PBXFileReference; lastKnownFileType = folder.assetcatalog; path = "Preview Assets.xcassets"; sourceTree = "<group>"; };
		C4E74A1D2B3FAA8B001AC9A3 /* Color.extension.swift */ = {isa = PBXFileReference; lastKnownFileType = sourcecode.swift; path = Color.extension.swift; sourceTree = "<group>"; };
		C4E74A202B3FACA7001AC9A3 /* LongButton.swift */ = {isa = PBXFileReference; lastKnownFileType = sourcecode.swift; path = LongButton.swift; sourceTree = "<group>"; };
		C4E74A222B3FB2DD001AC9A3 /* ControlButton.swift */ = {isa = PBXFileReference; lastKnownFileType = sourcecode.swift; path = ControlButton.swift; sourceTree = "<group>"; };
/* End PBXFileReference section */

/* Begin PBXFrameworksBuildPhase section */
		C4E74A072B3FA8A5001AC9A3 /* Frameworks */ = {
			isa = PBXFrameworksBuildPhase;
			buildActionMask = 2147483647;
			files = (
			);
			runOnlyForDeploymentPostprocessing = 0;
		};
/* End PBXFrameworksBuildPhase section */

/* Begin PBXGroup section */
		C4E74A012B3FA8A5001AC9A3 = {
			isa = PBXGroup;
			children = (
				C4E74A0C2B3FA8A5001AC9A3 /* Musil */,
				C4E74A0B2B3FA8A5001AC9A3 /* Products */,
			);
			sourceTree = "<group>";
		};
		C4E74A0B2B3FA8A5001AC9A3 /* Products */ = {
			isa = PBXGroup;
			children = (
				C4E74A0A2B3FA8A5001AC9A3 /* Musil.app */,
			);
			name = Products;
			sourceTree = "<group>";
		};
		C4E74A0C2B3FA8A5001AC9A3 /* Musil */ = {
			isa = PBXGroup;
			children = (
				C4E74A1C2B3FAA5C001AC9A3 /* extensions */,
				C4E74A1B2B3FA8D1001AC9A3 /* presentation */,
				C4E74A0D2B3FA8A5001AC9A3 /* MusilApp.swift */,
				C4E74A0F2B3FA8A5001AC9A3 /* MainApp.swift */,
				C4E74A112B3FA8A7001AC9A3 /* Assets.xcassets */,
				C4E74A132B3FA8A7001AC9A3 /* Preview Content */,
			);
			path = Musil;
			sourceTree = "<group>";
		};
		C4E74A132B3FA8A7001AC9A3 /* Preview Content */ = {
			isa = PBXGroup;
			children = (
				C4E74A142B3FA8A7001AC9A3 /* Preview Assets.xcassets */,
			);
			path = "Preview Content";
			sourceTree = "<group>";
		};
		C4E74A1B2B3FA8D1001AC9A3 /* presentation */ = {
			isa = PBXGroup;
			children = (
				C4E74A1F2B3FAC7D001AC9A3 /* common */,
			);
			path = presentation;
			sourceTree = "<group>";
		};
		C4E74A1C2B3FAA5C001AC9A3 /* extensions */ = {
			isa = PBXGroup;
			children = (
				C4E74A1D2B3FAA8B001AC9A3 /* Color.extension.swift */,
			);
			path = extensions;
			sourceTree = "<group>";
		};
		C4E74A1F2B3FAC7D001AC9A3 /* common */ = {
			isa = PBXGroup;
			children = (
				C4E74A202B3FACA7001AC9A3 /* LongButton.swift */,
				C4E74A222B3FB2DD001AC9A3 /* ControlButton.swift */,
			);
			path = common;
			sourceTree = "<group>";
		};
/* End PBXGroup section */

/* Begin PBXNativeTarget section */
		C4E74A092B3FA8A5001AC9A3 /* Musil */ = {
			isa = PBXNativeTarget;
			buildConfigurationList = C4E74A182B3FA8A7001AC9A3 /* Build configuration list for PBXNativeTarget "Musil" */;
			buildPhases = (
				C4E74A062B3FA8A5001AC9A3 /* Sources */,
				C4E74A072B3FA8A5001AC9A3 /* Frameworks */,
				C4E74A082B3FA8A5001AC9A3 /* Resources */,
			);
			buildRules = (
			);
			dependencies = (
			);
			name = Musil;
			productName = Musil;
			productReference = C4E74A0A2B3FA8A5001AC9A3 /* Musil.app */;
			productType = "com.apple.product-type.application";
		};
/* End PBXNativeTarget section */

/* Begin PBXProject section */
		C4E74A022B3FA8A5001AC9A3 /* Project object */ = {
			isa = PBXProject;
			attributes = {
				BuildIndependentTargetsInParallel = 1;
				LastSwiftUpdateCheck = 1430;
				LastUpgradeCheck = 1430;
				TargetAttributes = {
					C4E74A092B3FA8A5001AC9A3 = {
						CreatedOnToolsVersion = 14.3.1;
					};
				};
			};
			buildConfigurationList = C4E74A052B3FA8A5001AC9A3 /* Build configuration list for PBXProject "Musil" */;
			compatibilityVersion = "Xcode 14.0";
			developmentRegion = en;
			hasScannedForEncodings = 0;
			knownRegions = (
				en,
				Base,
			);
			mainGroup = C4E74A012B3FA8A5001AC9A3;
			productRefGroup = C4E74A0B2B3FA8A5001AC9A3 /* Products */;
			projectDirPath = "";
			projectRoot = "";
			targets = (
				C4E74A092B3FA8A5001AC9A3 /* Musil */,
			);
		};
/* End PBXProject section */

/* Begin PBXResourcesBuildPhase section */
		C4E74A082B3FA8A5001AC9A3 /* Resources */ = {
			isa = PBXResourcesBuildPhase;
			buildActionMask = 2147483647;
			files = (
				C4E74A152B3FA8A7001AC9A3 /* Preview Assets.xcassets in Resources */,
				C4E74A122B3FA8A7001AC9A3 /* Assets.xcassets in Resources */,
			);
			runOnlyForDeploymentPostprocessing = 0;
		};
/* End PBXResourcesBuildPhase section */

/* Begin PBXSourcesBuildPhase section */
		C4E74A062B3FA8A5001AC9A3 /* Sources */ = {
			isa = PBXSourcesBuildPhase;
			buildActionMask = 2147483647;
			files = (
				C4E74A1E2B3FAA8B001AC9A3 /* Color.extension.swift in Sources */,
				C4E74A102B3FA8A5001AC9A3 /* MainApp.swift in Sources */,
				C4E74A232B3FB2DD001AC9A3 /* ControlButton.swift in Sources */,
				C4E74A0E2B3FA8A5001AC9A3 /* MusilApp.swift in Sources */,
				C4E74A212B3FACA7001AC9A3 /* LongButton.swift in Sources */,
			);
			runOnlyForDeploymentPostprocessing = 0;
		};
/* End PBXSourcesBuildPhase section */

/* Begin XCBuildConfiguration section */
		C4E74A162B3FA8A7001AC9A3 /* Debug */ = {
			isa = XCBuildConfiguration;
			buildSettings = {
				ALWAYS_SEARCH_USER_PATHS = NO;
				CLANG_ANALYZER_NONNULL = YES;
				CLANG_ANALYZER_NUMBER_OBJECT_CONVERSION = YES_AGGRESSIVE;
				CLANG_CXX_LANGUAGE_STANDARD = "gnu++20";
				CLANG_ENABLE_MODULES = YES;
				CLANG_ENABLE_OBJC_ARC = YES;
				CLANG_ENABLE_OBJC_WEAK = YES;
				CLANG_WARN_BLOCK_CAPTURE_AUTORELEASING = YES;
				CLANG_WARN_BOOL_CONVERSION = YES;
				CLANG_WARN_COMMA = YES;
				CLANG_WARN_CONSTANT_CONVERSION = YES;
				CLANG_WARN_DEPRECATED_OBJC_IMPLEMENTATIONS = YES;
				CLANG_WARN_DIRECT_OBJC_ISA_USAGE = YES_ERROR;
				CLANG_WARN_DOCUMENTATION_COMMENTS = YES;
				CLANG_WARN_EMPTY_BODY = YES;
				CLANG_WARN_ENUM_CONVERSION = YES;
				CLANG_WARN_INFINITE_RECURSION = YES;
				CLANG_WARN_INT_CONVERSION = YES;
				CLANG_WARN_NON_LITERAL_NULL_CONVERSION = YES;
				CLANG_WARN_OBJC_IMPLICIT_RETAIN_SELF = YES;
				CLANG_WARN_OBJC_LITERAL_CONVERSION = YES;
				CLANG_WARN_OBJC_ROOT_CLASS = YES_ERROR;
				CLANG_WARN_QUOTED_INCLUDE_IN_FRAMEWORK_HEADER = YES;
				CLANG_WARN_RANGE_LOOP_ANALYSIS = YES;
				CLANG_WARN_STRICT_PROTOTYPES = YES;
				CLANG_WARN_SUSPICIOUS_MOVE = YES;
				CLANG_WARN_UNGUARDED_AVAILABILITY = YES_AGGRESSIVE;
				CLANG_WARN_UNREACHABLE_CODE = YES;
				CLANG_WARN__DUPLICATE_METHOD_MATCH = YES;
				COPY_PHASE_STRIP = NO;
				DEBUG_INFORMATION_FORMAT = dwarf;
				ENABLE_STRICT_OBJC_MSGSEND = YES;
				ENABLE_TESTABILITY = YES;
				GCC_C_LANGUAGE_STANDARD = gnu11;
				GCC_DYNAMIC_NO_PIC = NO;
				GCC_NO_COMMON_BLOCKS = YES;
				GCC_OPTIMIZATION_LEVEL = 0;
				GCC_PREPROCESSOR_DEFINITIONS = (
					"DEBUG=1",
					"$(inherited)",
				);
				GCC_WARN_64_TO_32_BIT_CONVERSION = YES;
				GCC_WARN_ABOUT_RETURN_TYPE = YES_ERROR;
				GCC_WARN_UNDECLARED_SELECTOR = YES;
				GCC_WARN_UNINITIALIZED_AUTOS = YES_AGGRESSIVE;
				GCC_WARN_UNUSED_FUNCTION = YES;
				GCC_WARN_UNUSED_VARIABLE = YES;
				IPHONEOS_DEPLOYMENT_TARGET = 16.4;
				MTL_ENABLE_DEBUG_INFO = INCLUDE_SOURCE;
				MTL_FAST_MATH = YES;
				ONLY_ACTIVE_ARCH = YES;
				SDKROOT = iphoneos;
				SWIFT_ACTIVE_COMPILATION_CONDITIONS = DEBUG;
				SWIFT_OPTIMIZATION_LEVEL = "-Onone";
			};
			name = Debug;
		};
		C4E74A172B3FA8A7001AC9A3 /* Release */ = {
			isa = XCBuildConfiguration;
			buildSettings = {
				ALWAYS_SEARCH_USER_PATHS = NO;
				CLANG_ANALYZER_NONNULL = YES;
				CLANG_ANALYZER_NUMBER_OBJECT_CONVERSION = YES_AGGRESSIVE;
				CLANG_CXX_LANGUAGE_STANDARD = "gnu++20";
				CLANG_ENABLE_MODULES = YES;
				CLANG_ENABLE_OBJC_ARC = YES;
				CLANG_ENABLE_OBJC_WEAK = YES;
				CLANG_WARN_BLOCK_CAPTURE_AUTORELEASING = YES;
				CLANG_WARN_BOOL_CONVERSION = YES;
				CLANG_WARN_COMMA = YES;
				CLANG_WARN_CONSTANT_CONVERSION = YES;
				CLANG_WARN_DEPRECATED_OBJC_IMPLEMENTATIONS = YES;
				CLANG_WARN_DIRECT_OBJC_ISA_USAGE = YES_ERROR;
				CLANG_WARN_DOCUMENTATION_COMMENTS = YES;
				CLANG_WARN_EMPTY_BODY = YES;
				CLANG_WARN_ENUM_CONVERSION = YES;
				CLANG_WARN_INFINITE_RECURSION = YES;
				CLANG_WARN_INT_CONVERSION = YES;
				CLANG_WARN_NON_LITERAL_NULL_CONVERSION = YES;
				CLANG_WARN_OBJC_IMPLICIT_RETAIN_SELF = YES;
				CLANG_WARN_OBJC_LITERAL_CONVERSION = YES;
				CLANG_WARN_OBJC_ROOT_CLASS = YES_ERROR;
				CLANG_WARN_QUOTED_INCLUDE_IN_FRAMEWORK_HEADER = YES;
				CLANG_WARN_RANGE_LOOP_ANALYSIS = YES;
				CLANG_WARN_STRICT_PROTOTYPES = YES;
				CLANG_WARN_SUSPICIOUS_MOVE = YES;
				CLANG_WARN_UNGUARDED_AVAILABILITY = YES_AGGRESSIVE;
				CLANG_WARN_UNREACHABLE_CODE = YES;
				CLANG_WARN__DUPLICATE_METHOD_MATCH = YES;
				COPY_PHASE_STRIP = NO;
				DEBUG_INFORMATION_FORMAT = "dwarf-with-dsym";
				ENABLE_NS_ASSERTIONS = NO;
				ENABLE_STRICT_OBJC_MSGSEND = YES;
				GCC_C_LANGUAGE_STANDARD = gnu11;
				GCC_NO_COMMON_BLOCKS = YES;
				GCC_WARN_64_TO_32_BIT_CONVERSION = YES;
				GCC_WARN_ABOUT_RETURN_TYPE = YES_ERROR;
				GCC_WARN_UNDECLARED_SELECTOR = YES;
				GCC_WARN_UNINITIALIZED_AUTOS = YES_AGGRESSIVE;
				GCC_WARN_UNUSED_FUNCTION = YES;
				GCC_WARN_UNUSED_VARIABLE = YES;
				IPHONEOS_DEPLOYMENT_TARGET = 16.4;
				MTL_ENABLE_DEBUG_INFO = NO;
				MTL_FAST_MATH = YES;
				SDKROOT = iphoneos;
				SWIFT_COMPILATION_MODE = wholemodule;
				SWIFT_OPTIMIZATION_LEVEL = "-O";
				VALIDATE_PRODUCT = YES;
			};
			name = Release;
		};
		C4E74A192B3FA8A7001AC9A3 /* Debug */ = {
			isa = XCBuildConfiguration;
			buildSettings = {
				ASSETCATALOG_COMPILER_APPICON_NAME = AppIcon;
				ASSETCATALOG_COMPILER_GLOBAL_ACCENT_COLOR_NAME = AccentColor;
				CODE_SIGN_STYLE = Automatic;
				CURRENT_PROJECT_VERSION = 1;
				DEVELOPMENT_ASSET_PATHS = "\"Musil/Preview Content\"";
				DEVELOPMENT_TEAM = NUWJ7LWWA3;
				ENABLE_PREVIEWS = YES;
				GENERATE_INFOPLIST_FILE = YES;
				INFOPLIST_KEY_UIApplicationSceneManifest_Generation = YES;
				INFOPLIST_KEY_UIApplicationSupportsIndirectInputEvents = YES;
				INFOPLIST_KEY_UILaunchScreen_Generation = YES;
				INFOPLIST_KEY_UISupportedInterfaceOrientations_iPad = "UIInterfaceOrientationPortrait UIInterfaceOrientationPortraitUpsideDown UIInterfaceOrientationLandscapeLeft UIInterfaceOrientationLandscapeRight";
				INFOPLIST_KEY_UISupportedInterfaceOrientations_iPhone = "UIInterfaceOrientationPortrait UIInterfaceOrientationLandscapeLeft UIInterfaceOrientationLandscapeRight";
				LD_RUNPATH_SEARCH_PATHS = (
					"$(inherited)",
					"@executable_path/Frameworks",
				);
				MARKETING_VERSION = 1.0;
				PRODUCT_BUNDLE_IDENTIFIER = com.muse.Musil;
				PRODUCT_NAME = "$(TARGET_NAME)";
				SWIFT_EMIT_LOC_STRINGS = YES;
				SWIFT_VERSION = 5.0;
				TARGETED_DEVICE_FAMILY = "1,2";
			};
			name = Debug;
		};
		C4E74A1A2B3FA8A7001AC9A3 /* Release */ = {
			isa = XCBuildConfiguration;
			buildSettings = {
				ASSETCATALOG_COMPILER_APPICON_NAME = AppIcon;
				ASSETCATALOG_COMPILER_GLOBAL_ACCENT_COLOR_NAME = AccentColor;
				CODE_SIGN_STYLE = Automatic;
				CURRENT_PROJECT_VERSION = 1;
				DEVELOPMENT_ASSET_PATHS = "\"Musil/Preview Content\"";
				DEVELOPMENT_TEAM = NUWJ7LWWA3;
				ENABLE_PREVIEWS = YES;
				GENERATE_INFOPLIST_FILE = YES;
				INFOPLIST_KEY_UIApplicationSceneManifest_Generation = YES;
				INFOPLIST_KEY_UIApplicationSupportsIndirectInputEvents = YES;
				INFOPLIST_KEY_UILaunchScreen_Generation = YES;
				INFOPLIST_KEY_UISupportedInterfaceOrientations_iPad = "UIInterfaceOrientationPortrait UIInterfaceOrientationPortraitUpsideDown UIInterfaceOrientationLandscapeLeft UIInterfaceOrientationLandscapeRight";
				INFOPLIST_KEY_UISupportedInterfaceOrientations_iPhone = "UIInterfaceOrientationPortrait UIInterfaceOrientationLandscapeLeft UIInterfaceOrientationLandscapeRight";
				LD_RUNPATH_SEARCH_PATHS = (
					"$(inherited)",
					"@executable_path/Frameworks",
				);
				MARKETING_VERSION = 1.0;
				PRODUCT_BUNDLE_IDENTIFIER = com.muse.Musil;
				PRODUCT_NAME = "$(TARGET_NAME)";
				SWIFT_EMIT_LOC_STRINGS = YES;
				SWIFT_VERSION = 5.0;
				TARGETED_DEVICE_FAMILY = "1,2";
			};
			name = Release;
		};
/* End XCBuildConfiguration section */

/* Begin XCConfigurationList section */
		C4E74A052B3FA8A5001AC9A3 /* Build configuration list for PBXProject "Musil" */ = {
			isa = XCConfigurationList;
			buildConfigurations = (
				C4E74A162B3FA8A7001AC9A3 /* Debug */,
				C4E74A172B3FA8A7001AC9A3 /* Release */,
			);
			defaultConfigurationIsVisible = 0;
			defaultConfigurationName = Release;
		};
		C4E74A182B3FA8A7001AC9A3 /* Build configuration list for PBXNativeTarget "Musil" */ = {
			isa = XCConfigurationList;
			buildConfigurations = (
				C4E74A192B3FA8A7001AC9A3 /* Debug */,
				C4E74A1A2B3FA8A7001AC9A3 /* Release */,
			);
			defaultConfigurationIsVisible = 0;
			defaultConfigurationName = Release;
		};
/* End XCConfigurationList section */
	};
	rootObject = C4E74A022B3FA8A5001AC9A3 /* Project object */;
}
